
Microsoft Visual Studio Solution File, Format Version 12.00
# Visual Studio Version 17
VisualStudioVersion = 17.8.34330.188
MinimumVisualStudioVersion = 10.0.40219.1
Project("{9A19103F-16F7-4668-BE54-9A1E7A4F7556}") = "AimReactionAPI", "AimReactionAPI.csproj", "{8065D317-B35B-4DCB-9BD9-105B7A9D597C}"
EndProject
Project("{FAE04EC0-301F-11D3-BF4B-00C04F79EFBC}") = "API-tests", "..\API-tests\API-tests.csproj", "{40040AFE-A6EB-493B-BBCD-B14B75BB485A}"
EndProject
Global
	GlobalSection(SolutionConfigurationPlatforms) = preSolution
		Debug|Any CPU = Debug|Any CPU
		Release|Any CPU = Release|Any CPU
	EndGlobalSection
	GlobalSection(ProjectConfigurationPlatforms) = postSolution
		{8065D317-B35B-4DCB-9BD9-105B7A9D597C}.Debug|Any CPU.ActiveCfg = Debug|Any CPU
		{8065D317-B35B-4DCB-9BD9-105B7A9D597C}.Debug|Any CPU.Build.0 = Debug|Any CPU
		{8065D317-B35B-4DCB-9BD9-105B7A9D597C}.Release|Any CPU.ActiveCfg = Release|Any CPU
		{8065D317-B35B-4DCB-9BD9-105B7A9D597C}.Release|Any CPU.Build.0 = Release|Any CPU
		{40040AFE-A6EB-493B-BBCD-B14B75BB485A}.Debug|Any CPU.ActiveCfg = Debug|Any CPU
		{40040AFE-A6EB-493B-BBCD-B14B75BB485A}.Debug|Any CPU.Build.0 = Debug|Any CPU
		{40040AFE-A6EB-493B-BBCD-B14B75BB485A}.Release|Any CPU.ActiveCfg = Release|Any CPU
		{40040AFE-A6EB-493B-BBCD-B14B75BB485A}.Release|Any CPU.Build.0 = Release|Any CPU
	EndGlobalSection
	GlobalSection(SolutionProperties) = preSolution
		HideSolutionNode = FALSE
	EndGlobalSection
	GlobalSection(ExtensibilityGlobals) = postSolution
		SolutionGuid = {856BFA91-D5A2-4530-BA6D-A36F0748F2A9}
	EndGlobalSection
EndGlobal
